// !$*UTF8*$!
{
	archiveVersion = 1;
	classes = {
	};
	objectVersion = 46;
	objects = {

/* Begin PBXBuildFile section */
		560C017F1BE32327007F96FB /* PlayImageView.m in Sources */ = {isa = PBXBuildFile; fileRef = 560C017E1BE32327007F96FB /* PlayImageView.m */; };
		56C6C2CC1BE1E8D30099DC95 /* main.m in Sources */ = {isa = PBXBuildFile; fileRef = 56C6C2CB1BE1E8D30099DC95 /* main.m */; };
		56C6C2CF1BE1E8D30099DC95 /* AppDelegate.m in Sources */ = {isa = PBXBuildFile; fileRef = 56C6C2CE1BE1E8D30099DC95 /* AppDelegate.m */; };
		56C6C2D21BE1E8D30099DC95 /* ViewController.m in Sources */ = {isa = PBXBuildFile; fileRef = 56C6C2D11BE1E8D30099DC95 /* ViewController.m */; };
		56C6C2D51BE1E8D30099DC95 /* Main.storyboard in Resources */ = {isa = PBXBuildFile; fileRef = 56C6C2D31BE1E8D30099DC95 /* Main.storyboard */; };
		56C6C2D71BE1E8D40099DC95 /* Assets.xcassets in Resources */ = {isa = PBXBuildFile; fileRef = 56C6C2D61BE1E8D40099DC95 /* Assets.xcassets */; };
		56C6C2DA1BE1E8D40099DC95 /* LaunchScreen.storyboard in Resources */ = {isa = PBXBuildFile; fileRef = 56C6C2D81BE1E8D40099DC95 /* LaunchScreen.storyboard */; };
		56C6C2E51BE1E8D40099DC95 /* AutoPlayImageDemoTests.m in Sources */ = {isa = PBXBuildFile; fileRef = 56C6C2E41BE1E8D40099DC95 /* AutoPlayImageDemoTests.m */; };
		56C6C2F01BE1E8D40099DC95 /* AutoPlayImageDemoUITests.m in Sources */ = {isa = PBXBuildFile; fileRef = 56C6C2EF1BE1E8D40099DC95 /* AutoPlayImageDemoUITests.m */; };
		56C6C3011BE1E9980099DC95 /* background.jpg in Resources */ = {isa = PBXBuildFile; fileRef = 56C6C3001BE1E9980099DC95 /* background.jpg */; };
		56C6C3031BE1E99C0099DC95 /* welcome.jpg in Resources */ = {isa = PBXBuildFile; fileRef = 56C6C3021BE1E99C0099DC95 /* welcome.jpg */; };
		56C6C3051BE1E9A10099DC95 /* xia.jpg in Resources */ = {isa = PBXBuildFile; fileRef = 56C6C3041BE1E9A10099DC95 /* xia.jpg */; };
		56C6C3071BE308090099DC95 /* car.JPG in Resources */ = {isa = PBXBuildFile; fileRef = 56C6C3061BE308090099DC95 /* car.JPG */; };
/* End PBXBuildFile section */

/* Begin PBXContainerItemProxy section */
		56C6C2E11BE1E8D40099DC95 /* PBXContainerItemProxy */ = {
			isa = PBXContainerItemProxy;
			containerPortal = 56C6C2BF1BE1E8D30099DC95 /* Project object */;
			proxyType = 1;
			remoteGlobalIDString = 56C6C2C61BE1E8D30099DC95;
			remoteInfo = AutoPlayImageDemo;
		};
		56C6C2EC1BE1E8D40099DC95 /* PBXContainerItemProxy */ = {
			isa = PBXContainerItemProxy;
			containerPortal = 56C6C2BF1BE1E8D30099DC95 /* Project object */;
			proxyType = 1;
			remoteGlobalIDString = 56C6C2C61BE1E8D30099DC95;
			remoteInfo = AutoPlayImageDemo;
		};
/* End PBXContainerItemProxy section */

/* Begin PBXFileReference section */
		560C017D1BE32327007F96FB /* PlayImageView.h */ = {isa = PBXFileReference; fileEncoding = 4; lastKnownFileType = sourcecode.c.h; path = PlayImageView.h; sourceTree = "<group>"; };
		560C017E1BE32327007F96FB /* PlayImageView.m */ = {isa = PBXFileReference; fileEncoding = 4; lastKnownFileType = sourcecode.c.objc; path = PlayImageView.m; sourceTree = "<group>"; };
		56C6C2C71BE1E8D30099DC95 /* AutoPlayImageDemo.app */ = {isa = PBXFileReference; explicitFileType = wrapper.application; includeInIndex = 0; path = AutoPlayImageDemo.app; sourceTree = BUILT_PRODUCTS_DIR; };
		56C6C2CB1BE1E8D30099DC95 /* main.m */ = {isa = PBXFileReference; lastKnownFileType = sourcecode.c.objc; path = main.m; sourceTree = "<group>"; };
		56C6C2CD1BE1E8D30099DC95 /* AppDelegate.h */ = {isa = PBXFileReference; lastKnownFileType = sourcecode.c.h; path = AppDelegate.h; sourceTree = "<group>"; };
		56C6C2CE1BE1E8D30099DC95 /* AppDelegate.m */ = {isa = PBXFileReference; lastKnownFileType = sourcecode.c.objc; path = AppDelegate.m; sourceTree = "<group>"; };
		56C6C2D01BE1E8D30099DC95 /* ViewController.h */ = {isa = PBXFileReference; lastKnownFileType = sourcecode.c.h; path = ViewController.h; sourceTree = "<group>"; };
		56C6C2D11BE1E8D30099DC95 /* ViewController.m */ = {isa = PBXFileReference; lastKnownFileType = sourcecode.c.objc; path = ViewController.m; sourceTree = "<group>"; };
		56C6C2D41BE1E8D30099DC95 /* Base */ = {isa = PBXFileReference; lastKnownFileType = file.storyboard; name = Base; path = Base.lproj/Main.storyboard; sourceTree = "<group>"; };
		56C6C2D61BE1E8D40099DC95 /* Assets.xcassets */ = {isa = PBXFileReference; lastKnownFileType = folder.assetcatalog; path = Assets.xcassets; sourceTree = "<group>"; };
		56C6C2D91BE1E8D40099DC95 /* Base */ = {isa = PBXFileReference; lastKnownFileType = file.storyboard; name = Base; path = Base.lproj/LaunchScreen.storyboard; sourceTree = "<group>"; };
		56C6C2DB1BE1E8D40099DC95 /* Info.plist */ = {isa = PBXFileReference; lastKnownFileType = text.plist.xml; path = Info.plist; sourceTree = "<group>"; };
		56C6C2E01BE1E8D40099DC95 /* AutoPlayImageDemoTests.xctest */ = {isa = PBXFileReference; explicitFileType = wrapper.cfbundle; includeInIndex = 0; path = AutoPlayImageDemoTests.xctest; sourceTree = BUILT_PRODUCTS_DIR; };
		56C6C2E41BE1E8D40099DC95 /* AutoPlayImageDemoTests.m */ = {isa = PBXFileReference; lastKnownFileType = sourcecode.c.objc; path = AutoPlayImageDemoTests.m; sourceTree = "<group>"; };
		56C6C2E61BE1E8D40099DC95 /* Info.plist */ = {isa = PBXFileReference; lastKnownFileType = text.plist.xml; path = Info.plist; sourceTree = "<group>"; };
		56C6C2EB1BE1E8D40099DC95 /* AutoPlayImageDemoUITests.xctest */ = {isa = PBXFileReference; explicitFileType = wrapper.cfbundle; includeInIndex = 0; path = AutoPlayImageDemoUITests.xctest; sourceTree = BUILT_PRODUCTS_DIR; };
		56C6C2EF1BE1E8D40099DC95 /* AutoPlayImageDemoUITests.m */ = {isa = PBXFileReference; lastKnownFileType = sourcecode.c.objc; path = AutoPlayImageDemoUITests.m; sourceTree = "<group>"; };
		56C6C2F11BE1E8D40099DC95 /* Info.plist */ = {isa = PBXFileReference; lastKnownFileType = text.plist.xml; path = Info.plist; sourceTree = "<group>"; };
		56C6C3001BE1E9980099DC95 /* background.jpg */ = {isa = PBXFileReference; lastKnownFileType = image.jpeg; path = background.jpg; sourceTree = "<group>"; };
		56C6C3021BE1E99C0099DC95 /* welcome.jpg */ = {isa = PBXFileReference; lastKnownFileType = image.jpeg; path = welcome.jpg; sourceTree = "<group>"; };
		56C6C3041BE1E9A10099DC95 /* xia.jpg */ = {isa = PBXFileReference; lastKnownFileType = image.jpeg; path = xia.jpg; sourceTree = "<group>"; };
		56C6C3061BE308090099DC95 /* car.JPG */ = {isa = PBXFileReference; lastKnownFileType = image.jpeg; path = car.JPG; sourceTree = "<group>"; };
/* End PBXFileReference section */

/* Begin PBXFrameworksBuildPhase section */
		56C6C2C41BE1E8D30099DC95 /* Frameworks */ = {
			isa = PBXFrameworksBuildPhase;
			buildActionMask = 2147483647;
			files = (
			);
			runOnlyForDeploymentPostprocessing = 0;
		};
		56C6C2DD1BE1E8D40099DC95 /* Frameworks */ = {
			isa = PBXFrameworksBuildPhase;
			buildActionMask = 2147483647;
			files = (
			);
			runOnlyForDeploymentPostprocessing = 0;
		};
		56C6C2E81BE1E8D40099DC95 /* Frameworks */ = {
			isa = PBXFrameworksBuildPhase;
			buildActionMask = 2147483647;
			files = (
			);
			runOnlyForDeploymentPostprocessing = 0;
		};
/* End PBXFrameworksBuildPhase section */

/* Begin PBXGroup section */
		560C017C1BE32327007F96FB /* PlayImageVIew */ = {
			isa = PBXGroup;
			children = (
				560C017D1BE32327007F96FB /* PlayImageView.h */,
				560C017E1BE32327007F96FB /* PlayImageView.m */,
			);
			path = PlayImageVIew;
			sourceTree = "<group>";
		};
		56C6C2BE1BE1E8D30099DC95 = {
			isa = PBXGroup;
			children = (
				56C6C2C91BE1E8D30099DC95 /* AutoPlayImageDemo */,
				56C6C2E31BE1E8D40099DC95 /* AutoPlayImageDemoTests */,
				56C6C2EE1BE1E8D40099DC95 /* AutoPlayImageDemoUITests */,
				56C6C2C81BE1E8D30099DC95 /* Products */,
			);
			sourceTree = "<group>";
		};
		56C6C2C81BE1E8D30099DC95 /* Products */ = {
			isa = PBXGroup;
			children = (
				56C6C2C71BE1E8D30099DC95 /* AutoPlayImageDemo.app */,
				56C6C2E01BE1E8D40099DC95 /* AutoPlayImageDemoTests.xctest */,
				56C6C2EB1BE1E8D40099DC95 /* AutoPlayImageDemoUITests.xctest */,
			);
			name = Products;
			sourceTree = "<group>";
		};
		56C6C2C91BE1E8D30099DC95 /* AutoPlayImageDemo */ = {
			isa = PBXGroup;
			children = (
				560C017C1BE32327007F96FB /* PlayImageVIew */,
				56C6C3061BE308090099DC95 /* car.JPG */,
				56C6C3041BE1E9A10099DC95 /* xia.jpg */,
				56C6C3021BE1E99C0099DC95 /* welcome.jpg */,
				56C6C3001BE1E9980099DC95 /* background.jpg */,
				56C6C2CD1BE1E8D30099DC95 /* AppDelegate.h */,
				56C6C2CE1BE1E8D30099DC95 /* AppDelegate.m */,
				56C6C2D01BE1E8D30099DC95 /* ViewController.h */,
				56C6C2D11BE1E8D30099DC95 /* ViewController.m */,
				56C6C2D31BE1E8D30099DC95 /* Main.storyboard */,
				56C6C2D61BE1E8D40099DC95 /* Assets.xcassets */,
				56C6C2D81BE1E8D40099DC95 /* LaunchScreen.storyboard */,
				56C6C2DB1BE1E8D40099DC95 /* Info.plist */,
				56C6C2CA1BE1E8D30099DC95 /* Supporting Files */,
			);
			path = AutoPlayImageDemo;
			sourceTree = "<group>";
		};
		56C6C2CA1BE1E8D30099DC95 /* Supporting Files */ = {
			isa = PBXGroup;
			children = (
				56C6C2CB1BE1E8D30099DC95 /* main.m */,
			);
			name = "Supporting Files";
			sourceTree = "<group>";
		};
		56C6C2E31BE1E8D40099DC95 /* AutoPlayImageDemoTests */ = {
			isa = PBXGroup;
			children = (
				56C6C2E41BE1E8D40099DC95 /* AutoPlayImageDemoTests.m */,
				56C6C2E61BE1E8D40099DC95 /* Info.plist */,
			);
			path = AutoPlayImageDemoTests;
			sourceTree = "<group>";
		};
		56C6C2EE1BE1E8D40099DC95 /* AutoPlayImageDemoUITests */ = {
			isa = PBXGroup;
			children = (
				56C6C2EF1BE1E8D40099DC95 /* AutoPlayImageDemoUITests.m */,
				56C6C2F11BE1E8D40099DC95 /* Info.plist */,
			);
			path = AutoPlayImageDemoUITests;
			sourceTree = "<group>";
		};
/* End PBXGroup section */

/* Begin PBXNativeTarget section */
		56C6C2C61BE1E8D30099DC95 /* AutoPlayImageDemo */ = {
			isa = PBXNativeTarget;
			buildConfigurationList = 56C6C2F41BE1E8D40099DC95 /* Build configuration list for PBXNativeTarget "AutoPlayImageDemo" */;
			buildPhases = (
				56C6C2C31BE1E8D30099DC95 /* Sources */,
				56C6C2C41BE1E8D30099DC95 /* Frameworks */,
				56C6C2C51BE1E8D30099DC95 /* Resources */,
			);
			buildRules = (
			);
			dependencies = (
			);
			name = AutoPlayImageDemo;
			productName = AutoPlayImageDemo;
			productReference = 56C6C2C71BE1E8D30099DC95 /* AutoPlayImageDemo.app */;
			productType = "com.apple.product-type.application";
		};
		56C6C2DF1BE1E8D40099DC95 /* AutoPlayImageDemoTests */ = {
			isa = PBXNativeTarget;
			buildConfigurationList = 56C6C2F71BE1E8D40099DC95 /* Build configuration list for PBXNativeTarget "AutoPlayImageDemoTests" */;
			buildPhases = (
				56C6C2DC1BE1E8D40099DC95 /* Sources */,
				56C6C2DD1BE1E8D40099DC95 /* Frameworks */,
				56C6C2DE1BE1E8D40099DC95 /* Resources */,
			);
			buildRules = (
			);
			dependencies = (
				56C6C2E21BE1E8D40099DC95 /* PBXTargetDependency */,
			);
			name = AutoPlayImageDemoTests;
			productName = AutoPlayImageDemoTests;
			productReference = 56C6C2E01BE1E8D40099DC95 /* AutoPlayImageDemoTests.xctest */;
			productType = "com.apple.product-type.bundle.unit-test";
		};
		56C6C2EA1BE1E8D40099DC95 /* AutoPlayImageDemoUITests */ = {
			isa = PBXNativeTarget;
			buildConfigurationList = 56C6C2FA1BE1E8D40099DC95 /* Build configuration list for PBXNativeTarget "AutoPlayImageDemoUITests" */;
			buildPhases = (
				56C6C2E71BE1E8D40099DC95 /* Sources */,
				56C6C2E81BE1E8D40099DC95 /* Frameworks */,
				56C6C2E91BE1E8D40099DC95 /* Resources */,
			);
			buildRules = (
			);
			dependencies = (
				56C6C2ED1BE1E8D40099DC95 /* PBXTargetDependency */,
			);
			name = AutoPlayImageDemoUITests;
			productName = AutoPlayImageDemoUITests;
			productReference = 56C6C2EB1BE1E8D40099DC95 /* AutoPlayImageDemoUITests.xctest */;
			productType = "com.apple.product-type.bundle.ui-testing";
		};
/* End PBXNativeTarget section */

/* Begin PBXProject section */
		56C6C2BF1BE1E8D30099DC95 /* Project object */ = {
			isa = PBXProject;
			attributes = {
				LastUpgradeCheck = 0710;
				ORGANIZATIONNAME = Massimo;
				TargetAttributes = {
					56C6C2C61BE1E8D30099DC95 = {
						CreatedOnToolsVersion = 7.1;
					};
					56C6C2DF1BE1E8D40099DC95 = {
						CreatedOnToolsVersion = 7.1;
						TestTargetID = 56C6C2C61BE1E8D30099DC95;
					};
					56C6C2EA1BE1E8D40099DC95 = {
						CreatedOnToolsVersion = 7.1;
						TestTargetID = 56C6C2C61BE1E8D30099DC95;
					};
				};
			};
			buildConfigurationList = 56C6C2C21BE1E8D30099DC95 /* Build configuration list for PBXProject "AutoPlayImageDemo" */;
			compatibilityVersion = "Xcode 3.2";
			developmentRegion = English;
			hasScannedForEncodings = 0;
			knownRegions = (
				en,
				Base,
			);
			mainGroup = 56C6C2BE1BE1E8D30099DC95;
			productRefGroup = 56C6C2C81BE1E8D30099DC95 /* Products */;
			projectDirPath = "";
			projectRoot = "";
			targets = (
				56C6C2C61BE1E8D30099DC95 /* AutoPlayImageDemo */,
				56C6C2DF1BE1E8D40099DC95 /* AutoPlayImageDemoTests */,
				56C6C2EA1BE1E8D40099DC95 /* AutoPlayImageDemoUITests */,
			);
		};
/* End PBXProject section */

/* Begin PBXResourcesBuildPhase section */
		56C6C2C51BE1E8D30099DC95 /* Resources */ = {
			isa = PBXResourcesBuildPhase;
			buildActionMask = 2147483647;
			files = (
				56C6C3051BE1E9A10099DC95 /* xia.jpg in Resources */,
				56C6C2DA1BE1E8D40099DC95 /* LaunchScreen.storyboard in Resources */,
				56C6C3031BE1E99C0099DC95 /* welcome.jpg in Resources */,
				56C6C3011BE1E9980099DC95 /* background.jpg in Resources */,
				56C6C2D71BE1E8D40099DC95 /* Assets.xcassets in Resources */,
				56C6C3071BE308090099DC95 /* car.JPG in Resources */,
				56C6C2D51BE1E8D30099DC95 /* Main.storyboard in Resources */,
			);
			runOnlyForDeploymentPostprocessing = 0;
		};
		56C6C2DE1BE1E8D40099DC95 /* Resources */ = {
			isa = PBXResourcesBuildPhase;
			buildActionMask = 2147483647;
			files = (
			);
			runOnlyForDeploymentPostprocessing = 0;
		};
		56C6C2E91BE1E8D40099DC95 /* Resources */ = {
			isa = PBXResourcesBuildPhase;
			buildActionMask = 2147483647;
			files = (
			);
			runOnlyForDeploymentPostprocessing = 0;
		};
/* End PBXResourcesBuildPhase section */

/* Begin PBXSourcesBuildPhase section */
		56C6C2C31BE1E8D30099DC95 /* Sources */ = {
			isa = PBXSourcesBuildPhase;
			buildActionMask = 2147483647;
			files = (
				56C6C2D21BE1E8D30099DC95 /* ViewController.m in Sources */,
				56C6C2CF1BE1E8D30099DC95 /* AppDelegate.m in Sources */,
				560C017F1BE32327007F96FB /* PlayImageView.m in Sources */,
				56C6C2CC1BE1E8D30099DC95 /* main.m in Sources */,
			);
			runOnlyForDeploymentPostprocessing = 0;
		};
		56C6C2DC1BE1E8D40099DC95 /* Sources */ = {
			isa = PBXSourcesBuildPhase;
			buildActionMask = 2147483647;
			files = (
				56C6C2E51BE1E8D40099DC95 /* AutoPlayImageDemoTests.m in Sources */,
			);
			runOnlyForDeploymentPostprocessing = 0;
		};
		56C6C2E71BE1E8D40099DC95 /* Sources */ = {
			isa = PBXSourcesBuildPhase;
			buildActionMask = 2147483647;
			files = (
				56C6C2F01BE1E8D40099DC95 /* AutoPlayImageDemoUITests.m in Sources */,
			);
			runOnlyForDeploymentPostprocessing = 0;
		};
/* End PBXSourcesBuildPhase section */

/* Begin PBXTargetDependency section */
		56C6C2E21BE1E8D40099DC95 /* PBXTargetDependency */ = {
			isa = PBXTargetDependency;
			target = 56C6C2C61BE1E8D30099DC95 /* AutoPlayImageDemo */;
			targetProxy = 56C6C2E11BE1E8D40099DC95 /* PBXContainerItemProxy */;
		};
		56C6C2ED1BE1E8D40099DC95 /* PBXTargetDependency */ = {
			isa = PBXTargetDependency;
			target = 56C6C2C61BE1E8D30099DC95 /* AutoPlayImageDemo */;
			targetProxy = 56C6C2EC1BE1E8D40099DC95 /* PBXContainerItemProxy */;
		};
/* End PBXTargetDependency section */

/* Begin PBXVariantGroup section */
		56C6C2D31BE1E8D30099DC95 /* Main.storyboard */ = {
			isa = PBXVariantGroup;
			children = (
				56C6C2D41BE1E8D30099DC95 /* Base */,
			);
			name = Main.storyboard;
			sourceTree = "<group>";
		};
		56C6C2D81BE1E8D40099DC95 /* LaunchScreen.storyboard */ = {
			isa = PBXVariantGroup;
			children = (
				56C6C2D91BE1E8D40099DC95 /* Base */,
			);
			name = LaunchScreen.storyboard;
			sourceTree = "<group>";
		};
/* End PBXVariantGroup section */

/* Begin XCBuildConfiguration section */
		56C6C2F21BE1E8D40099DC95 /* Debug */ = {
			isa = XCBuildConfiguration;
			buildSettings = {
				ALWAYS_SEARCH_USER_PATHS = NO;
				CLANG_CXX_LANGUAGE_STANDARD = "gnu++0x";
				CLANG_CXX_LIBRARY = "libc++";
				CLANG_ENABLE_MODULES = YES;
				CLANG_ENABLE_OBJC_ARC = YES;
				CLANG_WARN_BOOL_CONVERSION = YES;
				CLANG_WARN_CONSTANT_CONVERSION = YES;
				CLANG_WARN_DIRECT_OBJC_ISA_USAGE = YES_ERROR;
				CLANG_WARN_EMPTY_BODY = YES;
				CLANG_WARN_ENUM_CONVERSION = YES;
				CLANG_WARN_INT_CONVERSION = YES;
				CLANG_WARN_OBJC_ROOT_CLASS = YES_ERROR;
				CLANG_WARN_UNREACHABLE_CODE = YES;
				CLANG_WARN__DUPLICATE_METHOD_MATCH = YES;
				"CODE_SIGN_IDENTITY[sdk=iphoneos*]" = "iPhone Developer";
				COPY_PHASE_STRIP = NO;
				DEBUG_INFORMATION_FORMAT = dwarf;
				ENABLE_STRICT_OBJC_MSGSEND = YES;
				ENABLE_TESTABILITY = YES;
				GCC_C_LANGUAGE_STANDARD = gnu99;
				GCC_DYNAMIC_NO_PIC = NO;
				GCC_NO_COMMON_BLOCKS = YES;
				GCC_OPTIMIZATION_LEVEL = 0;
				GCC_PREPROCESSOR_DEFINITIONS = (
					"DEBUG=1",
					"$(inherited)",
				);
				GCC_WARN_64_TO_32_BIT_CONVERSION = YES;
				GCC_WARN_ABOUT_RETURN_TYPE = YES_ERROR;
				GCC_WARN_UNDECLARED_SELECTOR = YES;
				GCC_WARN_UNINITIALIZED_AUTOS = YES_AGGRESSIVE;
				GCC_WARN_UNUSED_FUNCTION = YES;
				GCC_WARN_UNUSED_VARIABLE = YES;
				IPHONEOS_DEPLOYMENT_TARGET = 9.1;
				MTL_ENABLE_DEBUG_INFO = YES;
				ONLY_ACTIVE_ARCH = YES;
				SDKROOT = iphoneos;
			};
			name = Debug;
		};
		56C6C2F31BE1E8D40099DC95 /* Release */ = {
			isa = XCBuildConfiguration;
			buildSettings = {
				ALWAYS_SEARCH_USER_PATHS = NO;
				CLANG_CXX_LANGUAGE_STANDARD = "gnu++0x";
				CLANG_CXX_LIBRARY = "libc++";
				CLANG_ENABLE_MODULES = YES;
				CLANG_ENABLE_OBJC_ARC = YES;
				CLANG_WARN_BOOL_CONVERSION = YES;
				CLANG_WARN_CONSTANT_CONVERSION = YES;
				CLANG_WARN_DIRECT_OBJC_ISA_USAGE = YES_ERROR;
				CLANG_WARN_EMPTY_BODY = YES;
				CLANG_WARN_ENUM_CONVERSION = YES;
				CLANG_WARN_INT_CONVERSION = YES;
				CLANG_WARN_OBJC_ROOT_CLASS = YES_ERROR;
				CLANG_WARN_UNREACHABLE_CODE = YES;
				CLANG_WARN__DUPLICATE_METHOD_MATCH = YES;
				"CODE_SIGN_IDENTITY[sdk=iphoneos*]" = "iPhone Developer";
				COPY_PHASE_STRIP = NO;
				DEBUG_INFORMATION_FORMAT = "dwarf-with-dsym";
				ENABLE_NS_ASSERTIONS = NO;
				ENABLE_STRICT_OBJC_MSGSEND = YES;
				GCC_C_LANGUAGE_STANDARD = gnu99;
				GCC_NO_COMMON_BLOCKS = YES;
				GCC_WARN_64_TO_32_BIT_CONVERSION = YES;
				GCC_WARN_ABOUT_RETURN_TYPE = YES_ERROR;
				GCC_WARN_UNDECLARED_SELECTOR = YES;
				GCC_WARN_UNINITIALIZED_AUTOS = YES_AGGRESSIVE;
				GCC_WARN_UNUSED_FUNCTION = YES;
				GCC_WARN_UNUSED_VARIABLE = YES;
				IPHONEOS_DEPLOYMENT_TARGET = 9.1;
				MTL_ENABLE_DEBUG_INFO = NO;
				SDKROOT = iphoneos;
				VALIDATE_PRODUCT = YES;
			};
			name = Release;
		};
		56C6C2F51BE1E8D40099DC95 /* Debug */ = {
			isa = XCBuildConfiguration;
			buildSettings = {
				ASSETCATALOG_COMPILER_APPICON_NAME = AppIcon;
				INFOPLIST_FILE = AutoPlayImageDemo/Info.plist;
				LD_RUNPATH_SEARCH_PATHS = "$(inherited) @executable_path/Frameworks";
				PRODUCT_BUNDLE_IDENTIFIER = com.pingxin.AutoPlayImageDemo;
				PRODUCT_NAME = "$(TARGET_NAME)";
			};
			name = Debug;
		};
		56C6C2F61BE1E8D40099DC95 /* Release */ = {
			isa = XCBuildConfiguration;
			buildSettings = {
				ASSETCATALOG_COMPILER_APPICON_NAME = AppIcon;
				INFOPLIST_FILE = AutoPlayImageDemo/Info.plist;
				LD_RUNPATH_SEARCH_PATHS = "$(inherited) @executable_path/Frameworks";
				PRODUCT_BUNDLE_IDENTIFIER = com.pingxin.AutoPlayImageDemo;
				PRODUCT_NAME = "$(TARGET_NAME)";
			};
			name = Release;
		};
		56C6C2F81BE1E8D40099DC95 /* Debug */ = {
			isa = XCBuildConfiguration;
			buildSettings = {
				BUNDLE_LOADER = "$(TEST_HOST)";
				INFOPLIST_FILE = AutoPlayImageDemoTests/Info.plist;
				LD_RUNPATH_SEARCH_PATHS = "$(inherited) @executable_path/Frameworks @loader_path/Frameworks";
				PRODUCT_BUNDLE_IDENTIFIER = com.pingxin.AutoPlayImageDemoTests;
				PRODUCT_NAME = "$(TARGET_NAME)";
				TEST_HOST = "$(BUILT_PRODUCTS_DIR)/AutoPlayImageDemo.app/AutoPlayImageDemo";
			};
			name = Debug;
		};
		56C6C2F91BE1E8D40099DC95 /* Release */ = {
			isa = XCBuildConfiguration;
			buildSettings = {
				BUNDLE_LOADER = "$(TEST_HOST)";
				INFOPLIST_FILE = AutoPlayImageDemoTests/Info.plist;
				LD_RUNPATH_SEARCH_PATHS = "$(inherited) @executable_path/Frameworks @loader_path/Frameworks";
				PRODUCT_BUNDLE_IDENTIFIER = com.pingxin.AutoPlayImageDemoTests;
				PRODUCT_NAME = "$(TARGET_NAME)";
				TEST_HOST = "$(BUILT_PRODUCTS_DIR)/AutoPlayImageDemo.app/AutoPlayImageDemo";
			};
			name = Release;
		};
		56C6C2FB1BE1E8D40099DC95 /* Debug */ = {
			isa = XCBuildConfiguration;
			buildSettings = {
				INFOPLIST_FILE = AutoPlayImageDemoUITests/Info.plist;
				LD_RUNPATH_SEARCH_PATHS = "$(inherited) @executable_path/Frameworks @loader_path/Frameworks";
				PRODUCT_BUNDLE_IDENTIFIER = com.pingxin.AutoPlayImageDemoUITests;
				PRODUCT_NAME = "$(TARGET_NAME)";
				TEST_TARGET_NAME = AutoPlayImageDemo;
				USES_XCTRUNNER = YES;
			};
			name = Debug;
		};
		56C6C2FC1BE1E8D40099DC95 /* Release */ = {
			isa = XCBuildConfiguration;
			buildSettings = {
				INFOPLIST_FILE = AutoPlayImageDemoUITests/Info.plist;
				LD_RUNPATH_SEARCH_PATHS = "$(inherited) @executable_path/Frameworks @loader_path/Frameworks";
				PRODUCT_BUNDLE_IDENTIFIER = com.pingxin.AutoPlayImageDemoUITests;
				PRODUCT_NAME = "$(TARGET_NAME)";
				TEST_TARGET_NAME = AutoPlayImageDemo;
				USES_XCTRUNNER = YES;
			};
			name = Release;
		};
/* End XCBuildConfiguration section */

/* Begin XCConfigurationList section */
		56C6C2C21BE1E8D30099DC95 /* Build configuration list for PBXProject "AutoPlayImageDemo" */ = {
			isa = XCConfigurationList;
			buildConfigurations = (
				56C6C2F21BE1E8D40099DC95 /* Debug */,
				56C6C2F31BE1E8D40099DC95 /* Release */,
			);
			defaultConfigurationIsVisible = 0;
			defaultConfigurationName = Release;
		};
		56C6C2F41BE1E8D40099DC95 /* Build configuration list for PBXNativeTarget "AutoPlayImageDemo" */ = {
			isa = XCConfigurationList;
			buildConfigurations = (
				56C6C2F51BE1E8D40099DC95 /* Debug */,
				56C6C2F61BE1E8D40099DC95 /* Release */,
			);
			defaultConfigurationIsVisible = 0;
			defaultConfigurationName = Release;
		};
		56C6C2F71BE1E8D40099DC95 /* Build configuration list for PBXNativeTarget "AutoPlayImageDemoTests" */ = {
			isa = XCConfigurationList;
			buildConfigurations = (
				56C6C2F81BE1E8D40099DC95 /* Debug */,
				56C6C2F91BE1E8D40099DC95 /* Release */,
			);
			defaultConfigurationIsVisible = 0;
			defaultConfigurationName = Release;
		};
		56C6C2FA1BE1E8D40099DC95 /* Build configuration list for PBXNativeTarget "AutoPlayImageDemoUITests" */ = {
			isa = XCConfigurationList;
			buildConfigurations = (
				56C6C2FB1BE1E8D40099DC95 /* Debug */,
				56C6C2FC1BE1E8D40099DC95 /* Release */,
			);
			defaultConfigurationIsVisible = 0;
			defaultConfigurationName = Release;
		};
/* End XCConfigurationList section */
	};
	rootObject = 56C6C2BF1BE1E8D30099DC95 /* Project object */;
}
